{
    "version": 3,
    "terraform_version": "0.11.3",
    "serial": 27,
    "lineage": "bf066aff-7093-46eb-a6fd-72a88d3085ae",
    "modules": [
        {
            "path": [
                "root"
            ],
            "outputs": {},
            "resources": {
                "data.vsphere_datacenter.dc": {
                    "type": "vsphere_datacenter",
                    "depends_on": [],
                    "primary": {
                        "id": "datacenter-2",
                        "attributes": {
                            "id": "datacenter-2",
                            "name": "Office"
                        },
                        "meta": {},
                        "tainted": false
                    },
                    "deposed": [],
                    "provider": "provider.vsphere"
                },
                "data.vsphere_datastore.datastore": {
                    "type": "vsphere_datastore",
                    "depends_on": [
                        "data.vsphere_datacenter.dc"
                    ],
                    "primary": {
                        "id": "datastore-58",
                        "attributes": {
                            "datacenter_id": "datacenter-2",
                            "id": "datastore-58",
                            "name": "vmtl-n02-local"
                        },
                        "meta": {},
                        "tainted": false
                    },
                    "deposed": [],
                    "provider": "provider.vsphere"
                },
                "data.vsphere_network.network": {
                    "type": "vsphere_network",
                    "depends_on": [
                        "data.vsphere_datacenter.dc"
                    ],
                    "primary": {
                        "id": "dvportgroup-66",
                        "attributes": {
                            "datacenter_id": "datacenter-2",
                            "id": "dvportgroup-66",
                            "name": "VLAN 215 TN Net",
                            "type": "DistributedVirtualPortgroup"
                        },
                        "meta": {},
                        "tainted": false
                    },
                    "deposed": [],
                    "provider": "provider.vsphere"
                },
                "data.vsphere_resource_pool.pool": {
                    "type": "vsphere_resource_pool",
                    "depends_on": [
                        "data.vsphere_datacenter.dc"
                    ],
                    "primary": {
                        "id": "resgroup-79",
                        "attributes": {
                            "datacenter_id": "datacenter-2",
                            "id": "resgroup-79",
                            "name": "vmtl-n02.vsphere.local/Resources"
                        },
                        "meta": {},
                        "tainted": false
                    },
                    "deposed": [],
                    "provider": "provider.vsphere"
                },
                "data.vsphere_virtual_machine.template": {
                    "type": "vsphere_virtual_machine",
                    "depends_on": [
                        "data.vsphere_datacenter.dc"
                    ],
                    "primary": {
                        "id": "420211a0-cd8d-1729-68cf-420b268eeadc",
                        "attributes": {
                            "alternate_guest_name": "",
                            "datacenter_id": "datacenter-2",
                            "disks.#": "1",
                            "disks.0.eagerly_scrub": "false",
                            "disks.0.size": "30",
                            "disks.0.thin_provisioned": "false",
                            "guest_id": "centos64Guest",
                            "id": "420211a0-cd8d-1729-68cf-420b268eeadc",
                            "name": "centos7",
                            "network_interface_types.#": "1",
                            "network_interface_types.0": "vmxnet3",
                            "scsi_controller_scan_count": "1",
                            "scsi_type": "lsilogic"
                        },
                        "meta": {},
                        "tainted": false
                    },
                    "deposed": [],
                    "provider": "provider.vsphere"
                },
                "vsphere_virtual_machine.vm.0": {
                    "type": "vsphere_virtual_machine",
                    "depends_on": [
                        "data.vsphere_datastore.datastore",
                        "data.vsphere_network.network",
                        "data.vsphere_resource_pool.pool",
                        "data.vsphere_virtual_machine.template"
                    ],
                    "primary": {
                        "id": "42025d37-9fa8-d562-374f-31d7ac4a88d7",
                        "attributes": {
                            "alternate_guest_name": "",
                            "annotation": "",
                            "boot_delay": "0",
                            "boot_retry_delay": "10000",
                            "boot_retry_enabled": "false",
                            "cdrom.#": "0",
                            "change_version": "2018-04-05T15:36:58.587366Z",
                            "clone.#": "1",
                            "clone.0.customize.#": "0",
                            "clone.0.linked_clone": "false",
                            "clone.0.template_uuid": "420211a0-cd8d-1729-68cf-420b268eeadc",
                            "clone.0.timeout": "30",
                            "cpu_hot_add_enabled": "false",
                            "cpu_hot_remove_enabled": "false",
                            "cpu_limit": "-1",
                            "cpu_performance_counters_enabled": "false",
                            "cpu_reservation": "0",
                            "cpu_share_count": "4000",
                            "cpu_share_level": "normal",
                            "custom_attributes.%": "0",
                            "datastore_id": "datastore-58",
                            "default_ip_address": "10.200.5.7",
                            "disk.#": "1",
                            "disk.0.attach": "false",
                            "disk.0.datastore_id": "datastore-58",
                            "disk.0.device_address": "scsi:0:0",
                            "disk.0.disk_mode": "persistent",
                            "disk.0.disk_sharing": "sharingNone",
                            "disk.0.eagerly_scrub": "false",
                            "disk.0.io_limit": "-1",
                            "disk.0.io_reservation": "0",
                            "disk.0.io_share_count": "1000",
                            "disk.0.io_share_level": "normal",
                            "disk.0.keep_on_remove": "false",
                            "disk.0.key": "2000",
                            "disk.0.label": "disk0",
                            "disk.0.name": "",
                            "disk.0.path": "patroni-testing-01/patroni-testing-01.vmdk",
                            "disk.0.size": "200",
                            "disk.0.thin_provisioned": "false",
                            "disk.0.unit_number": "0",
                            "disk.0.uuid": "6000C294-5ff6-de66-1e1a-642bd1d7c3c0",
                            "disk.0.write_through": "false",
                            "efi_secure_boot_enabled": "false",
                            "enable_disk_uuid": "false",
                            "enable_logging": "false",
                            "ept_rvi_mode": "automatic",
                            "extra_config.%": "0",
                            "firmware": "bios",
                            "folder": "VMs",
                            "force_power_off": "true",
                            "guest_id": "centos64Guest",
                            "guest_ip_addresses.#": "4",
                            "guest_ip_addresses.0": "10.200.5.7",
                            "guest_ip_addresses.1": "fe80::fa2e:64dd:a73a:3c3e",
                            "guest_ip_addresses.2": "fe80::7d41:a9f5:c5aa:fcd7",
                            "guest_ip_addresses.3": "fe80::efc9:5c67:bb11:69bc",
                            "host_system_id": "host-56",
                            "hv_mode": "hvAuto",
                            "id": "42025d37-9fa8-d562-374f-31d7ac4a88d7",
                            "memory": "8000",
                            "memory_hot_add_enabled": "false",
                            "memory_limit": "-1",
                            "memory_reservation": "0",
                            "memory_share_count": "80000",
                            "memory_share_level": "normal",
                            "migrate_wait_timeout": "30",
                            "moid": "vm-398",
                            "name": "patroni-testing-01",
                            "nested_hv_enabled": "false",
                            "network_interface.#": "1",
                            "network_interface.0.adapter_type": "vmxnet3",
                            "network_interface.0.bandwidth_limit": "-1",
                            "network_interface.0.bandwidth_reservation": "0",
                            "network_interface.0.bandwidth_share_count": "50",
                            "network_interface.0.bandwidth_share_level": "normal",
                            "network_interface.0.device_address": "pci:0:7",
                            "network_interface.0.key": "4000",
                            "network_interface.0.mac_address": "00:50:56:82:99:64",
                            "network_interface.0.network_id": "dvportgroup-66",
                            "network_interface.0.use_static_mac": "false",
                            "num_cores_per_socket": "1",
                            "num_cpus": "4",
                            "reboot_required": "false",
                            "resource_pool_id": "resgroup-79",
                            "run_tools_scripts_after_power_on": "true",
                            "run_tools_scripts_after_resume": "true",
                            "run_tools_scripts_before_guest_reboot": "false",
                            "run_tools_scripts_before_guest_shutdown": "true",
                            "run_tools_scripts_before_guest_standby": "true",
                            "scsi_controller_count": "1",
                            "scsi_type": "lsilogic",
                            "shutdown_wait_timeout": "3",
                            "swap_placement_policy": "inherit",
                            "sync_time_with_host": "false",
                            "tags.#": "0",
                            "uuid": "42025d37-9fa8-d562-374f-31d7ac4a88d7",
                            "vmware_tools_status": "guestToolsRunning",
                            "vmx_path": "patroni-testing-01/patroni-testing-01.vmx",
                            "wait_for_guest_net_timeout": "5"
                        },
                        "meta": {
                            "schema_version": "3"
                        },
                        "tainted": false
                    },
                    "deposed": [],
                    "provider": "provider.vsphere"
                },
                "vsphere_virtual_machine.vm.1": {
                    "type": "vsphere_virtual_machine",
                    "depends_on": [
                        "data.vsphere_datastore.datastore",
                        "data.vsphere_network.network",
                        "data.vsphere_resource_pool.pool",
                        "data.vsphere_virtual_machine.template"
                    ],
                    "primary": {
                        "id": "42027ccb-2301-1def-afdf-3affd884fa6f",
                        "attributes": {
                            "alternate_guest_name": "",
                            "annotation": "",
                            "boot_delay": "0",
                            "boot_retry_delay": "10000",
                            "boot_retry_enabled": "false",
                            "cdrom.#": "0",
                            "change_version": "2018-04-05T15:36:58.744955Z",
                            "clone.#": "1",
                            "clone.0.customize.#": "0",
                            "clone.0.linked_clone": "false",
                            "clone.0.template_uuid": "420211a0-cd8d-1729-68cf-420b268eeadc",
                            "clone.0.timeout": "30",
                            "cpu_hot_add_enabled": "false",
                            "cpu_hot_remove_enabled": "false",
                            "cpu_limit": "-1",
                            "cpu_performance_counters_enabled": "false",
                            "cpu_reservation": "0",
                            "cpu_share_count": "4000",
                            "cpu_share_level": "normal",
                            "custom_attributes.%": "0",
                            "datastore_id": "datastore-58",
                            "default_ip_address": "10.200.5.5",
                            "disk.#": "1",
                            "disk.0.attach": "false",
                            "disk.0.datastore_id": "datastore-58",
                            "disk.0.device_address": "scsi:0:0",
                            "disk.0.disk_mode": "persistent",
                            "disk.0.disk_sharing": "sharingNone",
                            "disk.0.eagerly_scrub": "false",
                            "disk.0.io_limit": "-1",
                            "disk.0.io_reservation": "0",
                            "disk.0.io_share_count": "1000",
                            "disk.0.io_share_level": "normal",
                            "disk.0.keep_on_remove": "false",
                            "disk.0.key": "2000",
                            "disk.0.label": "disk0",
                            "disk.0.name": "",
                            "disk.0.path": "patroni-testing-02/patroni-testing-02.vmdk",
                            "disk.0.size": "200",
                            "disk.0.thin_provisioned": "false",
                            "disk.0.unit_number": "0",
                            "disk.0.uuid": "6000C294-cd39-3370-59c3-9c2225cd481e",
                            "disk.0.write_through": "false",
                            "efi_secure_boot_enabled": "false",
                            "enable_disk_uuid": "false",
                            "enable_logging": "false",
                            "ept_rvi_mode": "automatic",
                            "extra_config.%": "0",
                            "firmware": "bios",
                            "folder": "VMs",
                            "force_power_off": "true",
                            "guest_id": "centos64Guest",
                            "guest_ip_addresses.#": "4",
                            "guest_ip_addresses.0": "10.200.5.5",
                            "guest_ip_addresses.1": "fe80::fa2e:64dd:a73a:3c3e",
                            "guest_ip_addresses.2": "fe80::7d41:a9f5:c5aa:fcd7",
                            "guest_ip_addresses.3": "fe80::efc9:5c67:bb11:69bc",
                            "host_system_id": "host-56",
                            "hv_mode": "hvAuto",
                            "id": "42027ccb-2301-1def-afdf-3affd884fa6f",
                            "memory": "8000",
                            "memory_hot_add_enabled": "false",
                            "memory_limit": "-1",
                            "memory_reservation": "0",
                            "memory_share_count": "80000",
                            "memory_share_level": "normal",
                            "migrate_wait_timeout": "30",
                            "moid": "vm-397",
                            "name": "patroni-testing-02",
                            "nested_hv_enabled": "false",
                            "network_interface.#": "1",
                            "network_interface.0.adapter_type": "vmxnet3",
                            "network_interface.0.bandwidth_limit": "-1",
                            "network_interface.0.bandwidth_reservation": "0",
                            "network_interface.0.bandwidth_share_count": "50",
                            "network_interface.0.bandwidth_share_level": "normal",
                            "network_interface.0.device_address": "pci:0:7",
                            "network_interface.0.key": "4000",
                            "network_interface.0.mac_address": "00:50:56:82:eb:36",
                            "network_interface.0.network_id": "dvportgroup-66",
                            "network_interface.0.use_static_mac": "false",
                            "num_cores_per_socket": "1",
                            "num_cpus": "4",
                            "reboot_required": "false",
                            "resource_pool_id": "resgroup-79",
                            "run_tools_scripts_after_power_on": "true",
                            "run_tools_scripts_after_resume": "true",
                            "run_tools_scripts_before_guest_reboot": "false",
                            "run_tools_scripts_before_guest_shutdown": "true",
                            "run_tools_scripts_before_guest_standby": "true",
                            "scsi_controller_count": "1",
                            "scsi_type": "lsilogic",
                            "shutdown_wait_timeout": "3",
                            "swap_placement_policy": "inherit",
                            "sync_time_with_host": "false",
                            "tags.#": "0",
                            "uuid": "42027ccb-2301-1def-afdf-3affd884fa6f",
                            "vmware_tools_status": "guestToolsRunning",
                            "vmx_path": "patroni-testing-02/patroni-testing-02.vmx",
                            "wait_for_guest_net_timeout": "5"
                        },
                        "meta": {
                            "schema_version": "3"
                        },
                        "tainted": false
                    },
                    "deposed": [],
                    "provider": "provider.vsphere"
                },
                "vsphere_virtual_machine.vm.2": {
                    "type": "vsphere_virtual_machine",
                    "depends_on": [
                        "data.vsphere_datastore.datastore",
                        "data.vsphere_network.network",
                        "data.vsphere_resource_pool.pool",
                        "data.vsphere_virtual_machine.template"
                    ],
                    "primary": {
                        "id": "4202139e-31b3-5da0-7fb9-34e0deaf8b9e",
                        "attributes": {
                            "alternate_guest_name": "",
                            "annotation": "",
                            "boot_delay": "0",
                            "boot_retry_delay": "10000",
                            "boot_retry_enabled": "false",
                            "cdrom.#": "0",
                            "change_version": "2018-04-05T15:36:18.863234Z",
                            "clone.#": "1",
                            "clone.0.customize.#": "0",
                            "clone.0.linked_clone": "false",
                            "clone.0.template_uuid": "420211a0-cd8d-1729-68cf-420b268eeadc",
                            "clone.0.timeout": "30",
                            "cpu_hot_add_enabled": "false",
                            "cpu_hot_remove_enabled": "false",
                            "cpu_limit": "-1",
                            "cpu_performance_counters_enabled": "false",
                            "cpu_reservation": "0",
                            "cpu_share_count": "4000",
                            "cpu_share_level": "normal",
                            "custom_attributes.%": "0",
                            "datastore_id": "datastore-58",
                            "default_ip_address": "10.200.5.4",
                            "disk.#": "1",
                            "disk.0.attach": "false",
                            "disk.0.datastore_id": "datastore-58",
                            "disk.0.device_address": "scsi:0:0",
                            "disk.0.disk_mode": "persistent",
                            "disk.0.disk_sharing": "sharingNone",
                            "disk.0.eagerly_scrub": "false",
                            "disk.0.io_limit": "-1",
                            "disk.0.io_reservation": "0",
                            "disk.0.io_share_count": "1000",
                            "disk.0.io_share_level": "normal",
                            "disk.0.keep_on_remove": "false",
                            "disk.0.key": "2000",
                            "disk.0.label": "disk0",
                            "disk.0.name": "",
                            "disk.0.path": "patroni-testing-03/patroni-testing-03.vmdk",
                            "disk.0.size": "200",
                            "disk.0.thin_provisioned": "false",
                            "disk.0.unit_number": "0",
                            "disk.0.uuid": "6000C29a-e362-76ad-fd43-6a3a3e4acb1d",
                            "disk.0.write_through": "false",
                            "efi_secure_boot_enabled": "false",
                            "enable_disk_uuid": "false",
                            "enable_logging": "false",
                            "ept_rvi_mode": "automatic",
                            "extra_config.%": "0",
                            "firmware": "bios",
                            "folder": "VMs",
                            "force_power_off": "true",
                            "guest_id": "centos64Guest",
                            "guest_ip_addresses.#": "4",
                            "guest_ip_addresses.0": "10.200.5.4",
                            "guest_ip_addresses.1": "fe80::fa2e:64dd:a73a:3c3e",
                            "guest_ip_addresses.2": "fe80::7d41:a9f5:c5aa:fcd7",
                            "guest_ip_addresses.3": "fe80::efc9:5c67:bb11:69bc",
                            "host_system_id": "host-56",
                            "hv_mode": "hvAuto",
                            "id": "4202139e-31b3-5da0-7fb9-34e0deaf8b9e",
                            "memory": "8000",
                            "memory_hot_add_enabled": "false",
                            "memory_limit": "-1",
                            "memory_reservation": "0",
                            "memory_share_count": "80000",
                            "memory_share_level": "normal",
                            "migrate_wait_timeout": "30",
                            "moid": "vm-396",
                            "name": "patroni-testing-03",
                            "nested_hv_enabled": "false",
                            "network_interface.#": "1",
                            "network_interface.0.adapter_type": "vmxnet3",
                            "network_interface.0.bandwidth_limit": "-1",
                            "network_interface.0.bandwidth_reservation": "0",
                            "network_interface.0.bandwidth_share_count": "50",
                            "network_interface.0.bandwidth_share_level": "normal",
                            "network_interface.0.device_address": "pci:0:7",
                            "network_interface.0.key": "4000",
                            "network_interface.0.mac_address": "00:50:56:82:6d:e4",
                            "network_interface.0.network_id": "dvportgroup-66",
                            "network_interface.0.use_static_mac": "false",
                            "num_cores_per_socket": "1",
                            "num_cpus": "4",
                            "reboot_required": "false",
                            "resource_pool_id": "resgroup-79",
                            "run_tools_scripts_after_power_on": "true",
                            "run_tools_scripts_after_resume": "true",
                            "run_tools_scripts_before_guest_reboot": "false",
                            "run_tools_scripts_before_guest_shutdown": "true",
                            "run_tools_scripts_before_guest_standby": "true",
                            "scsi_controller_count": "1",
                            "scsi_type": "lsilogic",
                            "shutdown_wait_timeout": "3",
                            "swap_placement_policy": "inherit",
                            "sync_time_with_host": "false",
                            "tags.#": "0",
                            "uuid": "4202139e-31b3-5da0-7fb9-34e0deaf8b9e",
                            "vmware_tools_status": "guestToolsRunning",
                            "vmx_path": "patroni-testing-03/patroni-testing-03.vmx",
                            "wait_for_guest_net_timeout": "5"
                        },
                        "meta": {
                            "schema_version": "3"
                        },
                        "tainted": false
                    },
                    "deposed": [],
                    "provider": "provider.vsphere"
                }
            },
            "depends_on": []
        }
    ]
}
